
Microsoft Visual Studio Solution File, Format Version 11.00
# Visual Studio 2010
Project("{FAE04EC0-301F-11D3-BF4B-00C04F79EFBC}") = "VuforiaScripts", "VuforiaScripts.csproj", "{7EBE0589-5ABF-A4F9-657F-433C9A6E4D05}"
EndProject
Project("{FAE04EC0-301F-11D3-BF4B-00C04F79EFBC}") = "Assembly-CSharp", "Assembly-CSharp.csproj", "{253314EA-3562-58C0-05D5-26A58577937C}"
EndProject
Project("{FAE04EC0-301F-11D3-BF4B-00C04F79EFBC}") = "VuforiaEditorScripts", "VuforiaEditorScripts.csproj", "{BD72D6D0-2F1E-46C0-0418-A375620C3A58}"
EndProject
Global
	GlobalSection(SolutionConfigurationPlatforms) = preSolution
		Debug|Any CPU = Debug|Any CPU
		Release|Any CPU = Release|Any CPU
	EndGlobalSection
	GlobalSection(ProjectConfigurationPlatforms) = postSolution
		{7EBE0589-5ABF-A4F9-657F-433C9A6E4D05}.Debug|Any CPU.ActiveCfg = Debug|Any CPU
		{7EBE0589-5ABF-A4F9-657F-433C9A6E4D05}.Debug|Any CPU.Build.0 = Debug|Any CPU
		{7EBE0589-5ABF-A4F9-657F-433C9A6E4D05}.Release|Any CPU.ActiveCfg = Release|Any CPU
		{7EBE0589-5ABF-A4F9-657F-433C9A6E4D05}.Release|Any CPU.Build.0 = Release|Any CPU
		{253314EA-3562-58C0-05D5-26A58577937C}.Debug|Any CPU.ActiveCfg = Debug|Any CPU
		{253314EA-3562-58C0-05D5-26A58577937C}.Debug|Any CPU.Build.0 = Debug|Any CPU
		{253314EA-3562-58C0-05D5-26A58577937C}.Release|Any CPU.ActiveCfg = Release|Any CPU
		{253314EA-3562-58C0-05D5-26A58577937C}.Release|Any CPU.Build.0 = Release|Any CPU
		{BD72D6D0-2F1E-46C0-0418-A375620C3A58}.Debug|Any CPU.ActiveCfg = Debug|Any CPU
		{BD72D6D0-2F1E-46C0-0418-A375620C3A58}.Debug|Any CPU.Build.0 = Debug|Any CPU
		{BD72D6D0-2F1E-46C0-0418-A375620C3A58}.Release|Any CPU.ActiveCfg = Release|Any CPU
		{BD72D6D0-2F1E-46C0-0418-A375620C3A58}.Release|Any CPU.Build.0 = Release|Any CPU
	EndGlobalSection
	GlobalSection(SolutionProperties) = preSolution
		HideSolutionNode = FALSE
	EndGlobalSection
	GlobalSection(MonoDevelopProperties) = preSolution
		StartupItem = Assembly-CSharp.csproj
	EndGlobalSection
EndGlobal
